<Solution Description="Visual Studio slnx file generated by Premake" Version="1.4">
  <Configurations>
    <BuildType Name="Debug" />
    <BuildType Name="Dist" />
    <BuildType Name="Release" />
    <Platform Name="x64" />
  </Configurations>
  <Project Path="DEditor\DEditor.vcxproj" Id="70D6781E-DCB5-F7B9-E5CD-8290512C5E1B" DefaultStartup="true">
  </Project>
  <Project Path="DEngine\DEngine.vcxproj" Id="BF832C1F-2B63-ABBA-347B-3691A0D9111C">
  </Project>
  <Project Path="Sandbox\Sandbox.vcxproj" Id="F4C124E3-60A1-A37E-69B9-2E55D5170AE0">
  </Project>
  <Folder Name="/Dependencies/">
    <Project Path="DEngine\vendor\GLAD\GLAD.vcxproj" Id="5D4A857C-4981-860D-F26D-6C10DE83020F">
    </Project>
    <Project Path="DEngine\vendor\GLFW\GLFW.vcxproj" Id="154B857C-0182-860D-AA6E-6C109684020F">
    </Project>
    <Project Path="DEngine\vendor\imgui\ImGui.vcxproj" Id="C0FF640D-2C14-8DBE-F595-301E616989EF">
    </Project>
    <Project Path="DEngine\vendor\yaml-cpp\yaml-cpp.vcxproj" Id="88F1A057-74BE-FB62-9DD7-E90A890331F1">
    </Project>
  </Folder>
</Solution>