<?xml version="1.0" encoding="utf-8"?>
<Project ToolsVersion="4.0" xmlns="http://schemas.microsoft.com/developer/msbuild/2003">
  <ItemGroup>
    <Filter Include="DEngine">
      <UniqueIdentifier>{BF832C1F-2B63-ABBA-347B-3691A0D9111C}</UniqueIdentifier>
    </Filter>
    <Filter Include="DEngine\Events">
      <UniqueIdentifier>{C3A22E96-AF70-229C-9804-93C28471FE00}</UniqueIdentifier>
    </Filter>
    <Filter Include="DEngine\ImGui">
      <UniqueIdentifier>{298CFEBE-954C-7AF5-5E87-C372CA06BFD1}</UniqueIdentifier>
    </Filter>
    <Filter Include="DEngine\Layer">
      <UniqueIdentifier>{CB132FBF-37D4-AAF5-000F-F4726C8EEFD1}</UniqueIdentifier>
    </Filter>
    <Filter Include="DEngine\Platform">
      <UniqueIdentifier>{F36680F8-DF5F-9F4A-0892-84CFF4E97E56}</UniqueIdentifier>
    </Filter>
    <Filter Include="DEngine\Platform\OpenGL">
      <UniqueIdentifier>{C7602BC8-3398-735F-3CA2-D782A8589A58}</UniqueIdentifier>
    </Filter>
    <Filter Include="DEngine\Platform\Windows">
      <UniqueIdentifier>{2D54B325-1979-02A6-42C4-E7352E4801C4}</UniqueIdentifier>
    </Filter>
  </ItemGroup>
  <ItemGroup>
    <ClInclude Include="src\DEngine.h" />
    <ClInclude Include="src\DEngine\Application.h">
      <Filter>DEngine</Filter>
    </ClInclude>
    <ClInclude Include="src\DEngine\Core.h">
      <Filter>DEngine</Filter>
    </ClInclude>
    <ClInclude Include="src\DEngine\DLog.h">
      <Filter>DEngine</Filter>
    </ClInclude>
    <ClInclude Include="src\DEngine\EntryPoint.h">
      <Filter>DEngine</Filter>
    </ClInclude>
    <ClInclude Include="src\DEngine\Events\ApplicationEvent.h">
      <Filter>DEngine\Events</Filter>
    </ClInclude>
    <ClInclude Include="src\DEngine\Events\Event.h">
      <Filter>DEngine\Events</Filter>
    </ClInclude>
    <ClInclude Include="src\DEngine\Events\KeyEvent.h">
      <Filter>DEngine\Events</Filter>
    </ClInclude>
    <ClInclude Include="src\DEngine\Events\MouseEvent.h">
      <Filter>DEngine\Events</Filter>
    </ClInclude>
    <ClInclude Include="src\DEngine\ImGui\ImGuiLayer.h">
      <Filter>DEngine\ImGui</Filter>
    </ClInclude>
    <ClInclude Include="src\DEngine\Layer\Layer.h">
      <Filter>DEngine\Layer</Filter>
    </ClInclude>
    <ClInclude Include="src\DEngine\Layer\LayerStack.h">
      <Filter>DEngine\Layer</Filter>
    </ClInclude>
    <ClInclude Include="src\DEngine\Platform\OpenGL\imGUIOpenGLRenderer.h">
      <Filter>DEngine\Platform\OpenGL</Filter>
    </ClInclude>
    <ClInclude Include="src\DEngine\Platform\Windows\WindowsWindow.h">
      <Filter>DEngine\Platform\Windows</Filter>
    </ClInclude>
    <ClInclude Include="src\DEngine\Window.h">
      <Filter>DEngine</Filter>
    </ClInclude>
    <ClInclude Include="src\dpch.h" />
  </ItemGroup>
  <ItemGroup>
    <ClCompile Include="src\DEngine\Application.cpp">
      <Filter>DEngine</Filter>
    </ClCompile>
    <ClCompile Include="src\DEngine\DLog.cpp">
      <Filter>DEngine</Filter>
    </ClCompile>
    <ClCompile Include="src\DEngine\ImGui\ImGuiLayer.cpp">
      <Filter>DEngine\ImGui</Filter>
    </ClCompile>
    <ClCompile Include="src\DEngine\Layer\Layer.cpp">
      <Filter>DEngine\Layer</Filter>
    </ClCompile>
    <ClCompile Include="src\DEngine\Layer\LayerStack.cpp">
      <Filter>DEngine\Layer</Filter>
    </ClCompile>
    <ClCompile Include="src\DEngine\Platform\OpenGL\imGUIOpenGLRenderer.cpp">
      <Filter>DEngine\Platform\OpenGL</Filter>
    </ClCompile>
    <ClCompile Include="src\DEngine\Platform\Windows\WindowsWindow.cpp">
      <Filter>DEngine\Platform\Windows</Filter>
    </ClCompile>
    <ClCompile Include="src\dpch.cpp" />
  </ItemGroup>
</Project>